{"SurveyEntry":{"SurveyID":"SV_1S8Civw9Z3ftzdc","SurveyName":"Workshop PsychoPy Pre","SurveyDescription":null,"SurveyOwnerID":"UR_0Cin9yQn6sLf2F7","SurveyBrandID":"isctecis","DivisionID":null,"SurveyLanguage":"EN","SurveyActiveResponseSet":"RS_7WDXinpaKeFtX7w","SurveyStatus":"Active","SurveyStartDate":"0000-00-00 00:00:00","SurveyExpirationDate":"0000-00-00 00:00:00","SurveyCreationDate":"2022-02-07 08:15:58","CreatorID":"UR_0Cin9yQn6sLf2F7","LastModified":"2022-02-17 10:04:00","LastAccessed":"0000-00-00 00:00:00","LastActivated":"2022-02-15 05:38:04","Deleted":null},"SurveyElements":[{"SurveyID":"SV_1S8Civw9Z3ftzdc","Element":"BL","PrimaryAttribute":"Survey Blocks","SecondaryAttribute":null,"TertiaryAttribute":null,"Payload":[{"Type":"Default","Description":"Intro","ID":"BL_9NCyD8Wo5JwV9hc","BlockElements":[{"Type":"Question","QuestionID":"QID2"},{"Type":"Page Break"},{"Type":"Question","QuestionID":"QID1"}],"Options":{"BlockLocking":"false","RandomizeQuestions":"false","BlockVisibility":"Expanded"}},{"Type":"Trash","Description":"Trash \/ Unused Questions","ID":"BL_6ExNGl2zlR2v2R0","BlockElements":[]},{"Type":"Standard","SubType":"","Description":"Pre-survey","ID":"BL_0kex0jX7qM1wRds","BlockElements":[{"Type":"Question","QuestionID":"QID5"}]},{"Type":"Standard","SubType":"","Description":"Redirecting","ID":"BL_eKUnbbngaOYnvme","BlockElements":[{"Type":"Question","QuestionID":"QID6"}]}]},{"SurveyID":"SV_1S8Civw9Z3ftzdc","Element":"FL","PrimaryAttribute":"Survey Flow","SecondaryAttribute":null,"TertiaryAttribute":null,"Payload":{"Type":"Root","FlowID":"FL_1","Flow":[{"Type":"EmbeddedData","FlowID":"FL_5","EmbeddedData":[{"Description":"participant","Type":"Custom","Field":"participant","VariableType":"String","DataVisibility":[],"AnalyzeText":false,"Value":"${rand:\/\/int\/1:1000}"},{"Description":"session","Type":"Custom","Field":"session","VariableType":"String","DataVisibility":[],"AnalyzeText":false,"Value":"qualtrics"},{"Description":"PROLIFIC_PID","Type":"Recipient","Field":"PROLIFIC_PID","VariableType":"String","DataVisibility":[],"AnalyzeText":false},{"Description":"STUDY_ID","Type":"Recipient","Field":"STUDY_ID","VariableType":"String","DataVisibility":[],"AnalyzeText":false},{"Description":"SESSION_ID","Type":"Recipient","Field":"SESSION_ID","VariableType":"String","DataVisibility":[],"AnalyzeText":false}]},{"Type":"Block","ID":"BL_9NCyD8Wo5JwV9hc","FlowID":"FL_2","Autofill":[]},{"Type":"Branch","FlowID":"FL_10","Description":"New Branch","BranchLogic":{"0":{"0":{"LogicType":"DeviceType","Operator":"Is","LeftOperand":"mobile","Type":"Expression","Description":"<span class=\"ConjDesc\">If<\/span><span class=\"schema_desc\">Device Type<\/span><span class=\"select_val_desc Operator_desc\">Is<\/span><span class=\"select_val_desc LeftOperand_desc\">Mobile<\/span>"},"Type":"If"},"Type":"BooleanExpression"},"Flow":[{"Type":"EndSurvey","FlowID":"FL_11","EndingType":"Advanced","Options":{"Advanced":"true","SurveyTermination":"DisplayMessage","EOSMessageLibrary":"UR_0Cin9yQn6sLf2F7","EOSMessage":"MS_3aZHzugdwgtcMHc"}}]},{"Type":"Branch","FlowID":"FL_7","Description":"New Branch","BranchLogic":{"0":{"0":{"LogicType":"Question","QuestionID":"QID1","QuestionIsInLoop":"no","ChoiceLocator":"q:\/\/QID1\/SelectableChoice\/5","Operator":"Selected","QuestionIDFromLocator":"QID1","LeftOperand":"q:\/\/QID1\/SelectableChoice\/5","Type":"Expression","Description":"<span class=\"ConjDesc\">If<\/span> <span class=\"QuestionDesc\">Consent Form&nbsp; &nbsp; XXXXXXXXXXXXXXXXXXXXXXXXXXXXXXXXX XXXXXXXXXXXXXXXXXXXXXXXXXXXXXXXXX XXXXXXXXXXXXX...<\/span> <span class=\"LeftOpDesc\">I do not acept<\/span> <span class=\"OpDesc\">Is Selected<\/span> "},"Type":"If"},"Type":"BooleanExpression"},"Flow":[{"Type":"EndSurvey","FlowID":"FL_8","EndingType":"Advanced","Options":{"Advanced":"true","SurveyTermination":"DisplayMessage","EOSMessageLibrary":"UR_0Cin9yQn6sLf2F7","EOSMessage":"MS_3ds6NfqC0qnXc6G"}}]},{"Type":"Block","ID":"BL_0kex0jX7qM1wRds","FlowID":"FL_3","Autofill":[]},{"Type":"Block","ID":"BL_eKUnbbngaOYnvme","FlowID":"FL_4","Autofill":[]}],"Properties":{"Count":11,"RemovedFieldsets":[]}}},{"SurveyID":"SV_1S8Civw9Z3ftzdc","Element":"SO","PrimaryAttribute":"Survey Options","SecondaryAttribute":null,"TertiaryAttribute":null,"Payload":{"BackButton":"false","SaveAndContinue":"true","SurveyProtection":"PublicSurvey","BallotBoxStuffingPrevention":"false","NoIndex":"Yes","SecureResponseFiles":"true","SurveyExpiration":"None","SurveyTermination":"Redirect","Header":"","Footer":"","ProgressBarDisplay":"None","PartialData":"+1 week","ValidationMessage":null,"PreviousButton":"","NextButton":"","SurveyTitle":"Qualtrics Survey | Qualtrics Experience Management","SkinLibrary":"isctecis","SkinType":"component","Skin":{"brandingId":null,"templateId":"*simple","overrides":{"colors":{"primary":"#6fdeb3"},"logo":{"url":"https:\/\/isctecis.co1.qualtrics.com\/CP\/Graphic.php?IM=IM_3fTOP9XCpFCBsi2","height":"150px"}}},"NewScoring":1,"CustomStyles":[],"nextButtonLid":"","nextButtonMid":"","SurveyName":"Workshop PsychoPy Pre","EOSMessage":null,"ShowExportTags":"false","CollectGeoLocation":"false","SurveyMetaDescription":"The most powerful, simple and trusted way to gather experience data. Start your journey to experience management and try a free account today.","PasswordProtection":"No","AnonymizeResponse":"Yes","RefererCheck":"No","UseCustomSurveyLinkCompletedMessage":null,"SurveyLinkCompletedMessage":null,"SurveyLinkCompletedMessageLibrary":null,"ResponseSummary":"No","EOSMessageLibrary":null,"EOSRedirectURL":"https:\/\/run.pavlovia.org\/sofiapelica\/qualtrics_connection\/?participant=${e:\/\/Field\/participant}&session=${e:\/\/Field\/session}","EmailThankYou":"false","ThankYouEmailMessageLibrary":null,"ThankYouEmailMessage":null,"ValidateMessage":"false","ValidationMessageLibrary":null,"InactiveSurvey":"DefaultMessage","PartialDeletion":null,"PartialDataCloseAfter":"LastActivity","InactiveMessageLibrary":null,"InactiveMessage":null,"AvailableLanguages":{"EN":[]},"ProtectSelectionIds":true,"PageTransition":"fade","SurveyAnalysisDisabled":true}},{"SurveyID":"SV_1S8Civw9Z3ftzdc","Element":"SCO","PrimaryAttribute":"Scoring","SecondaryAttribute":null,"TertiaryAttribute":null,"Payload":{"ScoringCategories":[],"ScoringCategoryGroups":[],"ScoringSummaryCategory":null,"ScoringSummaryAfterQuestions":0,"ScoringSummaryAfterSurvey":0,"DefaultScoringCategory":null,"AutoScoringCategory":null}},{"SurveyID":"SV_1S8Civw9Z3ftzdc","Element":"PROJ","PrimaryAttribute":"CORE","SecondaryAttribute":null,"TertiaryAttribute":"1.1.0","Payload":{"ProjectCategory":"CORE","SchemaVersion":"1.1.0"}},{"SurveyID":"SV_1S8Civw9Z3ftzdc","Element":"STAT","PrimaryAttribute":"Survey Statistics","SecondaryAttribute":null,"TertiaryAttribute":null,"Payload":{"MobileCompatible":true,"ID":"Survey Statistics"}},{"SurveyID":"SV_1S8Civw9Z3ftzdc","Element":"QC","PrimaryAttribute":"Survey Question Count","SecondaryAttribute":"15","TertiaryAttribute":null,"Payload":null},{"SurveyID":"SV_1S8Civw9Z3ftzdc","Element":"SQ","PrimaryAttribute":"QID1","SecondaryAttribute":"Consent Form\u00a0 \u00a0 XXXXXXXXXXXXXXXXXXXXXXXXXXXXXXXXX XXXXXXXXXXXXXXXXXXXXXXXXXXXXXXXXX XXXXXXXXXXXXX.","TertiaryAttribute":null,"Payload":{"QuestionText":"Consent Form&nbsp;\n<div>&nbsp;\n<div>XXXXXXXXXXXXXXXXXXXXXXXXXXXXXXXXX<br>\nXXXXXXXXXXXXXXXXXXXXXXXXXXXXXXXXX<br>\nXXXXXXXXXXXXXXXXXXXXXXXXXXXXXXXXX<br><\/div>\n<\/div>","DefaultChoices":false,"DataExportTag":"Q2","QuestionID":"QID1","QuestionType":"MC","Selector":"SAVR","SubSelector":"TX","DataVisibility":{"Private":false,"Hidden":false},"Configuration":{"QuestionDescriptionOption":"UseText"},"QuestionDescription":"Consent Form\u00a0 \u00a0 XXXXXXXXXXXXXXXXXXXXXXXXXXXXXXXXX XXXXXXXXXXXXXXXXXXXXXXXXXXXXXXXXX XXXXXXXXXXXXX...","Choices":{"4":{"Display":"I accept"},"5":{"Display":"I do not acept"}},"ChoiceOrder":["4","5"],"Validation":{"Settings":{"ForceResponse":"OFF","Type":"None"}},"GradingData":[],"Language":[],"NextChoiceId":7,"NextAnswerId":1}},{"SurveyID":"SV_1S8Civw9Z3ftzdc","Element":"RS","PrimaryAttribute":"RS_7WDXinpaKeFtX7w","SecondaryAttribute":"Default Response Set","TertiaryAttribute":null,"Payload":null},{"SurveyID":"SV_1S8Civw9Z3ftzdc","Element":"SQ","PrimaryAttribute":"QID6","SecondaryAttribute":"Now, you will be redirected to the experiment website for completing this study.\u00a0 Click \"Next pag..","TertiaryAttribute":null,"Payload":{"QuestionText":"Now, you will be redirected to the experiment website for completing this study.&nbsp;<div><br><div>Click \"Next page &gt;\" button to continue. <\/div><\/div>","DefaultChoices":false,"DataExportTag":"Q6","QuestionType":"DB","Selector":"TB","Configuration":{"QuestionDescriptionOption":"UseText"},"QuestionDescription":"Now, you will be redirected to the experiment website for completing this study.\u00a0 Click \"Next pag...","ChoiceOrder":[],"Validation":{"Settings":{"Type":"None"}},"GradingData":[],"Language":[],"NextChoiceId":4,"NextAnswerId":1,"QuestionID":"QID6","DataVisibility":{"Private":false,"Hidden":false}}},{"SurveyID":"SV_1S8Civw9Z3ftzdc","Element":"SQ","PrimaryAttribute":"QID5","SecondaryAttribute":"Question 1","TertiaryAttribute":null,"Payload":{"QuestionText":"Question 1","DefaultChoices":false,"DataExportTag":"Q3","QuestionID":"QID5","QuestionType":"MC","Selector":"SAVR","SubSelector":"TX","DataVisibility":{"Private":false,"Hidden":false},"Configuration":{"QuestionDescriptionOption":"UseText","TextPosition":"inline","Autoscale":{"YScale":{"Name":"agreeDisagree","Type":"likert","Reverse":true}}},"QuestionDescription":"Question 1","Choices":{"1":{"Display":"Strongly agree"},"2":{"Display":"Somewhat agree"},"3":{"Display":"Neither agree nor disagree"},"4":{"Display":"Somewhat disagree"},"5":{"Display":"Strongly disagree"}},"ChoiceOrder":[1,2,3,4,5],"Validation":{"Settings":{"ForceResponse":"OFF","Type":"None"}},"GradingData":[],"Language":[],"NextChoiceId":9,"NextAnswerId":11}},{"SurveyID":"SV_1S8Civw9Z3ftzdc","Element":"SQ","PrimaryAttribute":"QID2","SecondaryAttribute":"This is a demo experiment for the demostration of QPQ pipeline.","TertiaryAttribute":null,"Payload":{"QuestionText":"This is a demo experiment for the demostration of QPQ pipeline.","DefaultChoices":false,"DataExportTag":"Q1","QuestionType":"DB","Selector":"TB","Configuration":{"QuestionDescriptionOption":"UseText"},"QuestionDescription":"This is a demo experiment for the demostration of QPQ pipeline.","ChoiceOrder":[],"Validation":{"Settings":{"Type":"None"}},"GradingData":[],"Language":[],"NextChoiceId":4,"NextAnswerId":1,"QuestionID":"QID2","DataVisibility":{"Private":false,"Hidden":false}}}]}