{"SurveyEntry":{"SurveyID":"SV_8c3tgcL5Q6b8pvg","SurveyName":"Workshop PsychoPy Post","SurveyDescription":null,"SurveyOwnerID":"UR_0Cin9yQn6sLf2F7","SurveyBrandID":"isctecis","DivisionID":null,"SurveyLanguage":"EN","SurveyActiveResponseSet":"RS_7OrFooNEgJzauXA","SurveyStatus":"Active","SurveyStartDate":"0000-00-00 00:00:00","SurveyExpirationDate":"0000-00-00 00:00:00","SurveyCreationDate":"2022-02-16 13:41:26","CreatorID":"UR_0Cin9yQn6sLf2F7","LastModified":"2022-02-17 10:03:23","LastAccessed":"0000-00-00 00:00:00","LastActivated":"2022-02-16 13:55:08","Deleted":null},"SurveyElements":[{"SurveyID":"SV_8c3tgcL5Q6b8pvg","Element":"BL","PrimaryAttribute":"Survey Blocks","SecondaryAttribute":null,"TertiaryAttribute":null,"Payload":{"1":{"Type":"Trash","Description":"Trash \/ Unused Questions","ID":"BL_6ExNGl2zlR2v2R0","BlockElements":[]},"2":{"Type":"Standard","SubType":"","Description":"Post-survey","ID":"BL_0kex0jX7qM1wRds","BlockElements":[{"Type":"Question","QuestionID":"QID10"},{"Type":"Page Break"},{"Type":"Question","QuestionID":"QID5"}]}}},{"SurveyID":"SV_8c3tgcL5Q6b8pvg","Element":"FL","PrimaryAttribute":"Survey Flow","SecondaryAttribute":null,"TertiaryAttribute":null,"Payload":{"Type":"Root","FlowID":"FL_1","Flow":[{"Type":"EmbeddedData","FlowID":"FL_9","EmbeddedData":[{"Description":"participant","Type":"Recipient","Field":"participant","VariableType":"String","DataVisibility":[],"AnalyzeText":false},{"Description":"session","Type":"Recipient","Field":"session","VariableType":"String","DataVisibility":[],"AnalyzeText":false},{"Description":"PROLIFIC_ID","Type":"Recipient","Field":"PROLIFIC_ID","VariableType":"String","DataVisibility":[],"AnalyzeText":false},{"Description":"STUDY_ID","Type":"Recipient","Field":"STUDY_ID","VariableType":"String","DataVisibility":[],"AnalyzeText":false},{"Description":"SESSION_ID","Type":"Recipient","Field":"SESSION_ID","VariableType":"String","DataVisibility":[],"AnalyzeText":false}]},{"Type":"Standard","ID":"BL_0kex0jX7qM1wRds","FlowID":"FL_3","Autofill":[]}],"Properties":{"Count":9,"RemovedFieldsets":[]}}},{"SurveyID":"SV_8c3tgcL5Q6b8pvg","Element":"RS","PrimaryAttribute":"RS_7OrFooNEgJzauXA","SecondaryAttribute":null,"TertiaryAttribute":null,"Payload":null},{"SurveyID":"SV_8c3tgcL5Q6b8pvg","Element":"SO","PrimaryAttribute":"Survey Options","SecondaryAttribute":null,"TertiaryAttribute":null,"Payload":{"BackButton":"false","SaveAndContinue":"true","SurveyProtection":"PublicSurvey","BallotBoxStuffingPrevention":"false","NoIndex":"Yes","SecureResponseFiles":"true","SurveyExpiration":"None","SurveyTermination":"Redirect","Header":"","Footer":"","ProgressBarDisplay":"None","PartialData":"+1 week","ValidationMessage":null,"PreviousButton":"","NextButton":"","SurveyTitle":"Qualtrics Survey | Qualtrics Experience Management","SkinLibrary":"isctecis","SkinType":"component","Skin":{"brandingId":null,"templateId":"*simple","overrides":{"colors":{"primary":"#6fdeb3"},"logo":{"url":"https:\/\/isctecis.co1.qualtrics.com\/CP\/Graphic.php?IM=IM_3fTOP9XCpFCBsi2","height":"150px"},"questionText":{"size":"19px"}}},"NewScoring":1,"CustomStyles":[],"nextButtonLid":"","nextButtonMid":"","EOSMessage":null,"ShowExportTags":"false","CollectGeoLocation":"false","SurveyMetaDescription":"The most powerful, simple and trusted way to gather experience data. Start your journey to experience management and try a free account today.","PasswordProtection":"No","AnonymizeResponse":"No","RefererCheck":"No","UseCustomSurveyLinkCompletedMessage":null,"SurveyLinkCompletedMessage":null,"SurveyLinkCompletedMessageLibrary":null,"ResponseSummary":"No","EOSMessageLibrary":null,"EOSRedirectURL":"https:\/\/app.prolific.co\/submissions\/complete?cc=86319F9F","EmailThankYou":"false","ThankYouEmailMessageLibrary":null,"ThankYouEmailMessage":null,"ValidateMessage":"false","ValidationMessageLibrary":null,"InactiveSurvey":null,"PartialDeletion":null,"PartialDataCloseAfter":"LastActivity","InactiveMessageLibrary":null,"InactiveMessage":null,"AvailableLanguages":{"EN":[]},"ProtectSelectionIds":true,"SurveyName":"Workshop PsychoPy Post","PageTransition":"fade"}},{"SurveyID":"SV_8c3tgcL5Q6b8pvg","Element":"SCO","PrimaryAttribute":"Scoring","SecondaryAttribute":null,"TertiaryAttribute":null,"Payload":{"ScoringCategories":[],"ScoringCategoryGroups":[],"ScoringSummaryCategory":null,"ScoringSummaryAfterQuestions":0,"ScoringSummaryAfterSurvey":0,"DefaultScoringCategory":null,"AutoScoringCategory":null}},{"SurveyID":"SV_8c3tgcL5Q6b8pvg","Element":"PROJ","PrimaryAttribute":"CORE","SecondaryAttribute":null,"TertiaryAttribute":"1.1.0","Payload":{"ProjectCategory":"CORE","SchemaVersion":"1.1.0"}},{"SurveyID":"SV_8c3tgcL5Q6b8pvg","Element":"STAT","PrimaryAttribute":"Survey Statistics","SecondaryAttribute":null,"TertiaryAttribute":null,"Payload":{"MobileCompatible":true,"ID":"Survey Statistics"}},{"SurveyID":"SV_8c3tgcL5Q6b8pvg","Element":"QC","PrimaryAttribute":"Survey Question Count","SecondaryAttribute":"11","TertiaryAttribute":null,"Payload":null},{"SurveyID":"SV_8c3tgcL5Q6b8pvg","Element":"SQ","PrimaryAttribute":"QID5","SecondaryAttribute":"Question post-survey","TertiaryAttribute":null,"Payload":{"QuestionText":"Question post-survey","DefaultChoices":false,"DataExportTag":"Q3","QuestionID":"QID5","QuestionType":"MC","Selector":"SAVR","SubSelector":"TX","DataVisibility":{"Private":false,"Hidden":false},"Configuration":{"QuestionDescriptionOption":"UseText","TextPosition":"inline","Autoscale":{"YScale":{"Name":"agreeDisagree","Type":"likert","Reverse":true}}},"QuestionDescription":"Question post-survey","Choices":{"1":{"Display":"Strongly agree"},"2":{"Display":"Somewhat agree"},"3":{"Display":"Neither agree nor disagree"},"4":{"Display":"Somewhat disagree"},"5":{"Display":"Strongly disagree"}},"ChoiceOrder":[1,2,3,4,5],"Validation":{"Settings":{"ForceResponse":"OFF","Type":"None"}},"GradingData":[],"Language":[],"NextChoiceId":9,"NextAnswerId":11}},{"SurveyID":"SV_8c3tgcL5Q6b8pvg","Element":"SQ","PrimaryAttribute":"QID10","SecondaryAttribute":"Welcome back!\u00a0 You are almost done!\u00a0 Now, you will complete a survey.","TertiaryAttribute":null,"Payload":{"QuestionText":"Welcome back!&nbsp;<div>You are almost done!&nbsp;<\/div><div><br><\/div><div>Now, you will complete a survey.<\/div>","DefaultChoices":false,"DataExportTag":"Q5","QuestionType":"DB","Selector":"TB","Configuration":{"QuestionDescriptionOption":"UseText"},"QuestionDescription":"Welcome back!\u00a0 You are almost done!\u00a0 Now, you will complete a survey.","ChoiceOrder":[],"Validation":{"Settings":{"Type":"None"}},"GradingData":[],"Language":[],"NextChoiceId":4,"NextAnswerId":1,"QuestionID":"QID10","DataVisibility":{"Private":false,"Hidden":false}}}]}